
Microsoft Visual Studio Solution File, Format Version 12.00
# Visual Studio Version 17
VisualStudioVersion = 17.14.36414.22 d17.14
MinimumVisualStudioVersion = 10.0.40219.1
Project("{FAE04EC0-301F-11D3-BF4B-00C04F79EFBC}") = "ToolkitCore", "toolkitcore\ToolkitCore.csproj", "{4151F06C-C71C-4785-BF80-BEBAAD400FFD}"
EndProject
Project("{2150E333-8FDC-42A3-9474-1A3956D46DE8}") = "Solution Items", "Solution Items", "{8EC462FD-D22E-90A8-E5CE-7E832BA40C5D}"
	ProjectSection(SolutionItems) = preProject
		..\..\..\..\..\Program Files (x86)\Steam\steamapps\common\RimWorld\Mods\ToolkitCore\Languages\English\Keyed\AddonMenu.xml = ..\..\..\..\..\Program Files (x86)\Steam\steamapps\common\RimWorld\Mods\ToolkitCore\Languages\English\Keyed\AddonMenu.xml
		..\..\..\..\..\Program Files (x86)\Steam\steamapps\common\RimWorld\Mods\ToolkitCore\Languages\English\Keyed\ToolkitCoreSettings.xml = ..\..\..\..\..\Program Files (x86)\Steam\steamapps\common\RimWorld\Mods\ToolkitCore\Languages\English\Keyed\ToolkitCoreSettings.xml
		ToolkitCore-Forked-CaptolamiaVersion.wiki\TTG_TokenPopup_1.png = ToolkitCore-Forked-CaptolamiaVersion.wiki\TTG_TokenPopup_1.png
		ToolkitCore-Forked-CaptolamiaVersion.wiki\TTG_TokenPopup_2.png = ToolkitCore-Forked-CaptolamiaVersion.wiki\TTG_TokenPopup_2.png
		ToolkitCore-Forked-CaptolamiaVersion.wiki\TTG_TokenPopup_3.png = ToolkitCore-Forked-CaptolamiaVersion.wiki\TTG_TokenPopup_3.png
	EndProjectSection
EndProject
Project("{2150E333-8FDC-42A3-9474-1A3956D46DE8}") = "Languages", "Languages", "{02EA681E-C7D8-13C7-8484-4AC65E1B71E8}"
EndProject
Project("{2150E333-8FDC-42A3-9474-1A3956D46DE8}") = "English", "English", "{59D971DB-0EE9-4C90-A66D-6830DECDB982}"
EndProject
Project("{2150E333-8FDC-42A3-9474-1A3956D46DE8}") = "Keyed", "Keyed", "{5A208285-A110-4965-BBCD-6E6709F4A78B}"
	ProjectSection(SolutionItems) = preProject
		..\..\..\..\..\Program Files (x86)\Steam\steamapps\common\RimWorld\Mods\ToolkitCore\Languages\English\Keyed\AddonMenu.xml = ..\..\..\..\..\Program Files (x86)\Steam\steamapps\common\RimWorld\Mods\ToolkitCore\Languages\English\Keyed\AddonMenu.xml
		..\..\..\..\..\Program Files (x86)\Steam\steamapps\common\RimWorld\Mods\ToolkitCore\Languages\English\Keyed\ToolkitCoreSettings.xml = ..\..\..\..\..\Program Files (x86)\Steam\steamapps\common\RimWorld\Mods\ToolkitCore\Languages\English\Keyed\ToolkitCoreSettings.xml
	EndProjectSection
EndProject
Global
	GlobalSection(SolutionConfigurationPlatforms) = preSolution
		Debug|Any CPU = Debug|Any CPU
		Release|Any CPU = Release|Any CPU
	EndGlobalSection
	GlobalSection(ProjectConfigurationPlatforms) = postSolution
		{4151F06C-C71C-4785-BF80-BEBAAD400FFD}.Debug|Any CPU.ActiveCfg = Debug|Any CPU
		{4151F06C-C71C-4785-BF80-BEBAAD400FFD}.Debug|Any CPU.Build.0 = Debug|Any CPU
		{4151F06C-C71C-4785-BF80-BEBAAD400FFD}.Release|Any CPU.ActiveCfg = Release|Any CPU
		{4151F06C-C71C-4785-BF80-BEBAAD400FFD}.Release|Any CPU.Build.0 = Release|Any CPU
	EndGlobalSection
	GlobalSection(SolutionProperties) = preSolution
		HideSolutionNode = FALSE
	EndGlobalSection
	GlobalSection(NestedProjects) = preSolution
		{59D971DB-0EE9-4C90-A66D-6830DECDB982} = {02EA681E-C7D8-13C7-8484-4AC65E1B71E8}
		{5A208285-A110-4965-BBCD-6E6709F4A78B} = {59D971DB-0EE9-4C90-A66D-6830DECDB982}
	EndGlobalSection
	GlobalSection(ExtensibilityGlobals) = postSolution
		SolutionGuid = {AF67CBC6-1CBD-4409-AE60-FD3DA797F666}
	EndGlobalSection
EndGlobal
